
Microsoft Visual Studio Solution File, Format Version 12.00
# Visual Studio Version 17
VisualStudioVersion = 17.4.33213.308
MinimumVisualStudioVersion = 10.0.40219.1
Project("{FAE04EC0-301F-11D3-BF4B-00C04F79EFBC}") = "BackupProj", "BackupProj\BackupProj.csproj", "{465D9199-CCF0-42F7-A474-4E646A094357}"
EndProject
Global
	GlobalSection(SolutionConfigurationPlatforms) = preSolution
		Debug|Any CPU = Debug|Any CPU
		Release|Any CPU = Release|Any CPU
	EndGlobalSection
	GlobalSection(ProjectConfigurationPlatforms) = postSolution
		{465D9199-CCF0-42F7-A474-4E646A094357}.Debug|Any CPU.ActiveCfg = Debug|Any CPU
		{465D9199-CCF0-42F7-A474-4E646A094357}.Debug|Any CPU.Build.0 = Debug|Any CPU
		{465D9199-CCF0-42F7-A474-4E646A094357}.Release|Any CPU.ActiveCfg = Release|Any CPU
		{465D9199-CCF0-42F7-A474-4E646A094357}.Release|Any CPU.Build.0 = Release|Any CPU
	EndGlobalSection
	GlobalSection(SolutionProperties) = preSolution
		HideSolutionNode = FALSE
	EndGlobalSection
	GlobalSection(ExtensibilityGlobals) = postSolution
		SolutionGuid = {C4305D0C-4B8E-4226-8B16-7482992D002B}
	EndGlobalSection
EndGlobal
