
Microsoft Visual Studio Solution File, Format Version 12.00
# Visual Studio Version 17
VisualStudioVersion = 17.4.33213.308
MinimumVisualStudioVersion = 10.0.40219.1
Project("{FAE04EC0-301F-11D3-BF4B-00C04F79EFBC}") = "WPFTuT00", "WPFTuT00\WPFTuT00.csproj", "{1766DF97-0ED7-47EA-A14E-1D7B039C95F4}"
EndProject
Global
	GlobalSection(SolutionConfigurationPlatforms) = preSolution
		Debug|Any CPU = Debug|Any CPU
		Release|Any CPU = Release|Any CPU
	EndGlobalSection
	GlobalSection(ProjectConfigurationPlatforms) = postSolution
		{1766DF97-0ED7-47EA-A14E-1D7B039C95F4}.Debug|Any CPU.ActiveCfg = Debug|Any CPU
		{1766DF97-0ED7-47EA-A14E-1D7B039C95F4}.Debug|Any CPU.Build.0 = Debug|Any CPU
		{1766DF97-0ED7-47EA-A14E-1D7B039C95F4}.Release|Any CPU.ActiveCfg = Release|Any CPU
		{1766DF97-0ED7-47EA-A14E-1D7B039C95F4}.Release|Any CPU.Build.0 = Release|Any CPU
	EndGlobalSection
	GlobalSection(SolutionProperties) = preSolution
		HideSolutionNode = FALSE
	EndGlobalSection
	GlobalSection(ExtensibilityGlobals) = postSolution
		SolutionGuid = {2C2CE681-A461-4A11-8F17-7FE2467E7A7F}
	EndGlobalSection
EndGlobal
