
Microsoft Visual Studio Solution File, Format Version 12.00
# Visual Studio Version 17
VisualStudioVersion = 17.4.33213.308
MinimumVisualStudioVersion = 10.0.40219.1
Project("{FAE04EC0-301F-11D3-BF4B-00C04F79EFBC}") = "WPFLoginBisaYuk", "WPFLoginBisaYuk\WPFLoginBisaYuk.csproj", "{F266DD72-4C92-43BC-A4A9-E97C46D2E129}"
EndProject
Global
	GlobalSection(SolutionConfigurationPlatforms) = preSolution
		Debug|Any CPU = Debug|Any CPU
		Release|Any CPU = Release|Any CPU
	EndGlobalSection
	GlobalSection(ProjectConfigurationPlatforms) = postSolution
		{F266DD72-4C92-43BC-A4A9-E97C46D2E129}.Debug|Any CPU.ActiveCfg = Debug|Any CPU
		{F266DD72-4C92-43BC-A4A9-E97C46D2E129}.Debug|Any CPU.Build.0 = Debug|Any CPU
		{F266DD72-4C92-43BC-A4A9-E97C46D2E129}.Release|Any CPU.ActiveCfg = Release|Any CPU
		{F266DD72-4C92-43BC-A4A9-E97C46D2E129}.Release|Any CPU.Build.0 = Release|Any CPU
	EndGlobalSection
	GlobalSection(SolutionProperties) = preSolution
		HideSolutionNode = FALSE
	EndGlobalSection
	GlobalSection(ExtensibilityGlobals) = postSolution
		SolutionGuid = {CCE9A966-B64F-4ED3-9B73-E266F781856F}
	EndGlobalSection
EndGlobal
