
Microsoft Visual Studio Solution File, Format Version 12.00
# Visual Studio Version 17
VisualStudioVersion = 17.4.33213.308
MinimumVisualStudioVersion = 10.0.40219.1
Project("{FAE04EC0-301F-11D3-BF4B-00C04F79EFBC}") = "WinFormsApp2", "WinFormsApp2\WinFormsApp2.csproj", "{9B34E0EB-11E8-441D-9660-0216B271A9C3}"
EndProject
Global
	GlobalSection(SolutionConfigurationPlatforms) = preSolution
		Debug|Any CPU = Debug|Any CPU
		Release|Any CPU = Release|Any CPU
	EndGlobalSection
	GlobalSection(ProjectConfigurationPlatforms) = postSolution
		{9B34E0EB-11E8-441D-9660-0216B271A9C3}.Debug|Any CPU.ActiveCfg = Debug|Any CPU
		{9B34E0EB-11E8-441D-9660-0216B271A9C3}.Debug|Any CPU.Build.0 = Debug|Any CPU
		{9B34E0EB-11E8-441D-9660-0216B271A9C3}.Release|Any CPU.ActiveCfg = Release|Any CPU
		{9B34E0EB-11E8-441D-9660-0216B271A9C3}.Release|Any CPU.Build.0 = Release|Any CPU
	EndGlobalSection
	GlobalSection(SolutionProperties) = preSolution
		HideSolutionNode = FALSE
	EndGlobalSection
	GlobalSection(ExtensibilityGlobals) = postSolution
		SolutionGuid = {6C891627-4132-48CE-95D5-2970FAE6EBA3}
	EndGlobalSection
EndGlobal
